{
  "name": "Cucumber-Cypress-JS",
  "lockfileVersion": 2,
  "requires": true,
  "packages": {
    "": {
      "devDependencies": {
        "cypress-xpath": "^2.0.0"
      }
    },
    "node_modules/cypress-xpath": {
      "version": "2.0.0",
      "resolved": "https://registry.npmjs.org/cypress-xpath/-/cypress-xpath-2.0.0.tgz",
      "integrity": "sha512-KzSAvlziHaaU8F1wI3Jlu1QtgTlvInH9vJPjAGWGjzgXnmvTyknD6Cq9TQWTgK6ENpbsePSWunW7ApLqbOqphg==",
      "dev": true
    }
  },
  "dependencies": {
    "cypress-xpath": {
      "version": "2.0.0",
      "resolved": "https://registry.npmjs.org/cypress-xpath/-/cypress-xpath-2.0.0.tgz",
      "integrity": "sha512-KzSAvlziHaaU8F1wI3Jlu1QtgTlvInH9vJPjAGWGjzgXnmvTyknD6Cq9TQWTgK6ENpbsePSWunW7ApLqbOqphg==",
      "dev": true
    }
  }
}
